github.com/bbredesen/vkm v0.2.0 h1:txrrNo0T5r7mvmNTxUP0FvO/5zm/IbnlqhYrP2mBxZA=
github.com/bbredesen/vkm v0.2.0/go.mod h1:ntYOTIRoN2LR9NyjnYig3G6226l2GhNdQdAy1So1TtI=
github.com/chewxy/math32 v1.0.6 h1:JWZYUNl2rtgVVui6z8JBsDgkOG2DYmfSODyo95yKfx4=
github.com/chewxy/math32 v1.0.6/go.mod h1:dOB2rcuFrCn6UHrze36WSLVPKtzPMRAQvBvUwkSsLqs=
